
Microsoft Visual Studio Solution File, Format Version 12.00
# Visual Studio Version 17
VisualStudioVersion = 17.11.35327.3
MinimumVisualStudioVersion = 10.0.40219.1
Project("{2150E333-8FDC-42A3-9474-1A3956D46DE8}") = "Solution Items", "Solution Items", "{C7C4C1B8-BFA9-4DD9-B424-B5C5EA60D83F}"
	ProjectSection(SolutionItems) = preProject
		..\doc\ddl.sql = ..\doc\ddl.sql
	EndProjectSection
EndProject
Project("{9A19103F-16F7-4668-BE54-9A1E7A4F7556}") = "AgricultureManager.Core.Domain", "AgricultureManager.Core.Domain\AgricultureManager.Core.Domain.csproj", "{DA593BD9-2CF8-4555-B213-944DCE18D632}"
EndProject
Project("{9A19103F-16F7-4668-BE54-9A1E7A4F7556}") = "AgricultureManager.Infrastructure.Persistence", "AgricultureManager.Infrastructure.Persistence\AgricultureManager.Infrastructure.Persistence.csproj", "{B31F65B4-FAEF-43BA-A965-AA0EFE7A4D02}"
EndProject
Project("{9A19103F-16F7-4668-BE54-9A1E7A4F7556}") = "AgricultureManager.Core.Application", "AgricultureManager.Core.Application\AgricultureManager.Core.Application.csproj", "{34674F6E-9E50-4F07-AC2C-CF88ADFB7190}"
EndProject
Project("{9A19103F-16F7-4668-BE54-9A1E7A4F7556}") = "AgricultureManager.Core.Application.Shared", "AgricultureManager.Core.Application.Shared\AgricultureManager.Core.Application.Shared.csproj", "{7A44F92B-70CA-4224-89A5-F6736CC4E912}"
EndProject
Project("{9A19103F-16F7-4668-BE54-9A1E7A4F7556}") = "AgricultureManager.Core.Application.Tests", "AgricultureManager.Core.Application.Tests\AgricultureManager.Core.Application.Tests.csproj", "{D31C3C9B-8E33-4E55-A994-FDC207924A73}"
EndProject
Project("{9A19103F-16F7-4668-BE54-9A1E7A4F7556}") = "AgricultureManager.Core.Application.IntegrationTests", "AgricultureManager.Core.Application.IntegrationTests\AgricultureManager.Core.Application.IntegrationTests.csproj", "{C092368C-6DD9-4946-BC1F-AB82D0344E4D}"
EndProject
Project("{9A19103F-16F7-4668-BE54-9A1E7A4F7556}") = "AgricultureManager.SharedComponents", "AgricultureManager.SharedComponents\AgricultureManager.SharedComponents.csproj", "{C39B422D-6984-433C-B7D6-AB67426F7692}"
EndProject
Project("{9A19103F-16F7-4668-BE54-9A1E7A4F7556}") = "AgricultureManager.CoreApp", "AgricultureManager.CoreApp\AgricultureManager.CoreApp.csproj", "{3C69B121-D54E-4D89-865B-E923AAF7464E}"
EndProject
Project("{9A19103F-16F7-4668-BE54-9A1E7A4F7556}") = "AgricultureManager.Module.Api", "AgricultureManager.Module.Api\AgricultureManager.Module.Api.csproj", "{A4C83F7B-8ADE-4B2C-A1E5-F0F5BDBA8AB8}"
EndProject
Project("{9A19103F-16F7-4668-BE54-9A1E7A4F7556}") = "AgricultureManager.Module.Manager", "AgricultureManager.Module.Manager\AgricultureManager.Module.Manager.csproj", "{AA01DB00-25BD-43EB-B521-C4DE28724104}"
EndProject
Global
	GlobalSection(SolutionConfigurationPlatforms) = preSolution
		Debug|Any CPU = Debug|Any CPU
		Release|Any CPU = Release|Any CPU
	EndGlobalSection
	GlobalSection(ProjectConfigurationPlatforms) = postSolution
		{DA593BD9-2CF8-4555-B213-944DCE18D632}.Debug|Any CPU.ActiveCfg = Debug|Any CPU
		{DA593BD9-2CF8-4555-B213-944DCE18D632}.Debug|Any CPU.Build.0 = Debug|Any CPU
		{DA593BD9-2CF8-4555-B213-944DCE18D632}.Release|Any CPU.ActiveCfg = Release|Any CPU
		{DA593BD9-2CF8-4555-B213-944DCE18D632}.Release|Any CPU.Build.0 = Release|Any CPU
		{B31F65B4-FAEF-43BA-A965-AA0EFE7A4D02}.Debug|Any CPU.ActiveCfg = Debug|Any CPU
		{B31F65B4-FAEF-43BA-A965-AA0EFE7A4D02}.Debug|Any CPU.Build.0 = Debug|Any CPU
		{B31F65B4-FAEF-43BA-A965-AA0EFE7A4D02}.Release|Any CPU.ActiveCfg = Release|Any CPU
		{B31F65B4-FAEF-43BA-A965-AA0EFE7A4D02}.Release|Any CPU.Build.0 = Release|Any CPU
		{34674F6E-9E50-4F07-AC2C-CF88ADFB7190}.Debug|Any CPU.ActiveCfg = Debug|Any CPU
		{34674F6E-9E50-4F07-AC2C-CF88ADFB7190}.Debug|Any CPU.Build.0 = Debug|Any CPU
		{34674F6E-9E50-4F07-AC2C-CF88ADFB7190}.Release|Any CPU.ActiveCfg = Release|Any CPU
		{34674F6E-9E50-4F07-AC2C-CF88ADFB7190}.Release|Any CPU.Build.0 = Release|Any CPU
		{7A44F92B-70CA-4224-89A5-F6736CC4E912}.Debug|Any CPU.ActiveCfg = Debug|Any CPU
		{7A44F92B-70CA-4224-89A5-F6736CC4E912}.Debug|Any CPU.Build.0 = Debug|Any CPU
		{7A44F92B-70CA-4224-89A5-F6736CC4E912}.Release|Any CPU.ActiveCfg = Release|Any CPU
		{7A44F92B-70CA-4224-89A5-F6736CC4E912}.Release|Any CPU.Build.0 = Release|Any CPU
		{D31C3C9B-8E33-4E55-A994-FDC207924A73}.Debug|Any CPU.ActiveCfg = Debug|Any CPU
		{D31C3C9B-8E33-4E55-A994-FDC207924A73}.Debug|Any CPU.Build.0 = Debug|Any CPU
		{D31C3C9B-8E33-4E55-A994-FDC207924A73}.Release|Any CPU.ActiveCfg = Release|Any CPU
		{D31C3C9B-8E33-4E55-A994-FDC207924A73}.Release|Any CPU.Build.0 = Release|Any CPU
		{C092368C-6DD9-4946-BC1F-AB82D0344E4D}.Debug|Any CPU.ActiveCfg = Debug|Any CPU
		{C092368C-6DD9-4946-BC1F-AB82D0344E4D}.Debug|Any CPU.Build.0 = Debug|Any CPU
		{C092368C-6DD9-4946-BC1F-AB82D0344E4D}.Release|Any CPU.ActiveCfg = Release|Any CPU
		{C092368C-6DD9-4946-BC1F-AB82D0344E4D}.Release|Any CPU.Build.0 = Release|Any CPU
		{C39B422D-6984-433C-B7D6-AB67426F7692}.Debug|Any CPU.ActiveCfg = Debug|Any CPU
		{C39B422D-6984-433C-B7D6-AB67426F7692}.Debug|Any CPU.Build.0 = Debug|Any CPU
		{C39B422D-6984-433C-B7D6-AB67426F7692}.Release|Any CPU.ActiveCfg = Release|Any CPU
		{C39B422D-6984-433C-B7D6-AB67426F7692}.Release|Any CPU.Build.0 = Release|Any CPU
		{3C69B121-D54E-4D89-865B-E923AAF7464E}.Debug|Any CPU.ActiveCfg = Debug|Any CPU
		{3C69B121-D54E-4D89-865B-E923AAF7464E}.Debug|Any CPU.Build.0 = Debug|Any CPU
		{3C69B121-D54E-4D89-865B-E923AAF7464E}.Release|Any CPU.ActiveCfg = Release|Any CPU
		{3C69B121-D54E-4D89-865B-E923AAF7464E}.Release|Any CPU.Build.0 = Release|Any CPU
		{A4C83F7B-8ADE-4B2C-A1E5-F0F5BDBA8AB8}.Debug|Any CPU.ActiveCfg = Debug|Any CPU
		{A4C83F7B-8ADE-4B2C-A1E5-F0F5BDBA8AB8}.Debug|Any CPU.Build.0 = Debug|Any CPU
		{A4C83F7B-8ADE-4B2C-A1E5-F0F5BDBA8AB8}.Release|Any CPU.ActiveCfg = Release|Any CPU
		{A4C83F7B-8ADE-4B2C-A1E5-F0F5BDBA8AB8}.Release|Any CPU.Build.0 = Release|Any CPU
		{AA01DB00-25BD-43EB-B521-C4DE28724104}.Debug|Any CPU.ActiveCfg = Debug|Any CPU
		{AA01DB00-25BD-43EB-B521-C4DE28724104}.Debug|Any CPU.Build.0 = Debug|Any CPU
		{AA01DB00-25BD-43EB-B521-C4DE28724104}.Release|Any CPU.ActiveCfg = Release|Any CPU
		{AA01DB00-25BD-43EB-B521-C4DE28724104}.Release|Any CPU.Build.0 = Release|Any CPU
	EndGlobalSection
	GlobalSection(SolutionProperties) = preSolution
		HideSolutionNode = FALSE
	EndGlobalSection
	GlobalSection(ExtensibilityGlobals) = postSolution
		SolutionGuid = {33AB9B25-CB7B-4651-BCD6-773F43759B65}
	EndGlobalSection
EndGlobal
